
Microsoft Visual Studio Solution File, Format Version 12.00
# Visual Studio Version 17
VisualStudioVersion = 17.14.36915.13 d17.14
MinimumVisualStudioVersion = 10.0.40219.1
Project("{FAE04EC0-301F-11D3-BF4B-00C04F79EFBC}") = "PharmacyOrderingApi", "PharmacyOrderingApi.csproj", "{C3F6B8B6-1700-4AE8-B359-F7C9DDAE4800}"
EndProject
Global
	GlobalSection(SolutionConfigurationPlatforms) = preSolution
		Debug|Any CPU = Debug|Any CPU
		Release|Any CPU = Release|Any CPU
	EndGlobalSection
	GlobalSection(ProjectConfigurationPlatforms) = postSolution
		{C3F6B8B6-1700-4AE8-B359-F7C9DDAE4800}.Debug|Any CPU.ActiveCfg = Debug|Any CPU
		{C3F6B8B6-1700-4AE8-B359-F7C9DDAE4800}.Debug|Any CPU.Build.0 = Debug|Any CPU
		{C3F6B8B6-1700-4AE8-B359-F7C9DDAE4800}.Release|Any CPU.ActiveCfg = Release|Any CPU
		{C3F6B8B6-1700-4AE8-B359-F7C9DDAE4800}.Release|Any CPU.Build.0 = Release|Any CPU
	EndGlobalSection
	GlobalSection(SolutionProperties) = preSolution
		HideSolutionNode = FALSE
	EndGlobalSection
	GlobalSection(ExtensibilityGlobals) = postSolution
		SolutionGuid = {CC9C4939-B6C2-4449-9496-66064FDF6B4B}
	EndGlobalSection
EndGlobal
